PODS:
  - Alamofire (4.5.1)
  - GoogleMaps (2.5.0):
    - GoogleMaps/Maps (= 2.5.0)
  - GoogleMaps/Base (2.5.0)
  - GoogleMaps/Maps (2.5.0):
    - GoogleMaps/Base
  - GooglePlaces (2.5.0):
    - GoogleMaps/Base (= 2.5.0)

DEPENDENCIES:
  - Alamofire (~> 4.0)
  - GoogleMaps
  - GooglePlaces

SPEC CHECKSUMS:
  Alamofire: 2d95912bf4c34f164fdfc335872e8c312acaea4a
  GoogleMaps: c087b8e5dfe87ca6ebf59adb9b4894a4146bec4f
  GooglePlaces: dd70d9d71ea1c7944846afe67de3712c99b30a77

PODFILE CHECKSUM: 63b2b11fae33e96be9c77a9c5b3696f9fce808c3

COCOAPODS: 1.4.0.beta.2
